
Microsoft Visual Studio Solution File, Format Version 12.00
# Visual Studio Version 17
VisualStudioVersion = 17.8.34330.188
MinimumVisualStudioVersion = 10.0.40219.1
Project("{9A19103F-16F7-4668-BE54-9A1E7A4F7556}") = "EmployeeManagement.API", "EmployeeManagement.API\EmployeeManagement.API.csproj", "{BA58F40C-CA86-4BDE-B43E-9C5D586F5143}"
EndProject
Project("{FAE04EC0-301F-11D3-BF4B-00C04F79EFBC}") = "EmployeeManagement.Business", "EmployeeManagement.Business\EmployeeManagement.Business.csproj", "{4E1D4A5D-4FF4-4CB0-8CA3-A0F4673DD1E0}"
EndProject
Project("{FAE04EC0-301F-11D3-BF4B-00C04F79EFBC}") = "EmployeeManagement.Common", "EmployeeManagement.Common\EmployeeManagement.Common.csproj", "{02D88F51-81CB-4D0B-A669-9259B2AEA7C0}"
EndProject
Project("{FAE04EC0-301F-11D3-BF4B-00C04F79EFBC}") = "EmployeeManagement.Infrastructure", "EmployeeManagement.Infrastructure\EmployeeManagement.Infrastructure.csproj", "{DAF4741E-33D0-4A04-A7D8-4FEB78EAC59F}"
EndProject
Global
	GlobalSection(SolutionConfigurationPlatforms) = preSolution
		Debug|Any CPU = Debug|Any CPU
		Release|Any CPU = Release|Any CPU
	EndGlobalSection
	GlobalSection(ProjectConfigurationPlatforms) = postSolution
		{BA58F40C-CA86-4BDE-B43E-9C5D586F5143}.Debug|Any CPU.ActiveCfg = Debug|Any CPU
		{BA58F40C-CA86-4BDE-B43E-9C5D586F5143}.Debug|Any CPU.Build.0 = Debug|Any CPU
		{BA58F40C-CA86-4BDE-B43E-9C5D586F5143}.Release|Any CPU.ActiveCfg = Release|Any CPU
		{BA58F40C-CA86-4BDE-B43E-9C5D586F5143}.Release|Any CPU.Build.0 = Release|Any CPU
		{4E1D4A5D-4FF4-4CB0-8CA3-A0F4673DD1E0}.Debug|Any CPU.ActiveCfg = Debug|Any CPU
		{4E1D4A5D-4FF4-4CB0-8CA3-A0F4673DD1E0}.Debug|Any CPU.Build.0 = Debug|Any CPU
		{4E1D4A5D-4FF4-4CB0-8CA3-A0F4673DD1E0}.Release|Any CPU.ActiveCfg = Release|Any CPU
		{4E1D4A5D-4FF4-4CB0-8CA3-A0F4673DD1E0}.Release|Any CPU.Build.0 = Release|Any CPU
		{02D88F51-81CB-4D0B-A669-9259B2AEA7C0}.Debug|Any CPU.ActiveCfg = Debug|Any CPU
		{02D88F51-81CB-4D0B-A669-9259B2AEA7C0}.Debug|Any CPU.Build.0 = Debug|Any CPU
		{02D88F51-81CB-4D0B-A669-9259B2AEA7C0}.Release|Any CPU.ActiveCfg = Release|Any CPU
		{02D88F51-81CB-4D0B-A669-9259B2AEA7C0}.Release|Any CPU.Build.0 = Release|Any CPU
		{DAF4741E-33D0-4A04-A7D8-4FEB78EAC59F}.Debug|Any CPU.ActiveCfg = Debug|Any CPU
		{DAF4741E-33D0-4A04-A7D8-4FEB78EAC59F}.Debug|Any CPU.Build.0 = Debug|Any CPU
		{DAF4741E-33D0-4A04-A7D8-4FEB78EAC59F}.Release|Any CPU.ActiveCfg = Release|Any CPU
		{DAF4741E-33D0-4A04-A7D8-4FEB78EAC59F}.Release|Any CPU.Build.0 = Release|Any CPU
	EndGlobalSection
	GlobalSection(SolutionProperties) = preSolution
		HideSolutionNode = FALSE
	EndGlobalSection
	GlobalSection(ExtensibilityGlobals) = postSolution
		SolutionGuid = {879EDB89-15D0-42DA-979A-829A0326793E}
	EndGlobalSection
EndGlobal
